// !$*UTF8*$!
{
	archiveVersion = 1;
	classes = {
	};
	objectVersion = 50;
	objects = {

/* Begin PBXBuildFile section */
		5583C14221037ADE00734E56 /* BAEAppDelegate.m in Sources */ = {isa = PBXBuildFile; fileRef = 5583C14121037ADE00734E56 /* BAEAppDelegate.m */; };
		5583C14421037AE200734E56 /* Assets.xcassets in Resources */ = {isa = PBXBuildFile; fileRef = 5583C14321037AE200734E56 /* Assets.xcassets */; };
		5583C14721037AE200734E56 /* MainMenu.xib in Resources */ = {isa = PBXBuildFile; fileRef = 5583C14521037AE200734E56 /* MainMenu.xib */; };
		5583C14A21037AE200734E56 /* main.m in Sources */ = {isa = PBXBuildFile; fileRef = 5583C14921037AE200734E56 /* main.m */; };
		5583C15321037E8800734E56 /* BAECanvasView.m in Sources */ = {isa = PBXBuildFile; fileRef = 5583C15221037E8800734E56 /* BAECanvasView.m */; };
		5583C1562103900600734E56 /* BAEMatrix.c in Sources */ = {isa = PBXBuildFile; fileRef = 5583C1552103900600734E56 /* BAEMatrix.c */; };
		5583C1592103A18900734E56 /* BAEShape3D.c in Sources */ = {isa = PBXBuildFile; fileRef = 5583C1582103A18900734E56 /* BAEShape3D.c */; };
/* End PBXBuildFile section */

/* Begin PBXFileReference section */
		5583C13D21037ADE00734E56 /* BlackArtEngine.app */ = {isa = PBXFileReference; explicitFileType = wrapper.application; includeInIndex = 0; path = BlackArtEngine.app; sourceTree = BUILT_PRODUCTS_DIR; };
		5583C14021037ADE00734E56 /* BAEAppDelegate.h */ = {isa = PBXFileReference; lastKnownFileType = sourcecode.c.h; path = BAEAppDelegate.h; sourceTree = "<group>"; };
		5583C14121037ADE00734E56 /* BAEAppDelegate.m */ = {isa = PBXFileReference; lastKnownFileType = sourcecode.c.objc; path = BAEAppDelegate.m; sourceTree = "<group>"; };
		5583C14321037AE200734E56 /* Assets.xcassets */ = {isa = PBXFileReference; lastKnownFileType = folder.assetcatalog; path = Assets.xcassets; sourceTree = "<group>"; };
		5583C14621037AE200734E56 /* Base */ = {isa = PBXFileReference; lastKnownFileType = file.xib; name = Base; path = Base.lproj/MainMenu.xib; sourceTree = "<group>"; };
		5583C14821037AE200734E56 /* Info.plist */ = {isa = PBXFileReference; lastKnownFileType = text.plist.xml; path = Info.plist; sourceTree = "<group>"; };
		5583C14921037AE200734E56 /* main.m */ = {isa = PBXFileReference; lastKnownFileType = sourcecode.c.objc; path = main.m; sourceTree = "<group>"; };
		5583C14B21037AE200734E56 /* BlackArtEngine.entitlements */ = {isa = PBXFileReference; lastKnownFileType = text.plist.entitlements; path = BlackArtEngine.entitlements; sourceTree = "<group>"; };
		5583C15121037E8800734E56 /* BAECanvasView.h */ = {isa = PBXFileReference; lastKnownFileType = sourcecode.c.h; path = BAECanvasView.h; sourceTree = "<group>"; };
		5583C15221037E8800734E56 /* BAECanvasView.m */ = {isa = PBXFileReference; lastKnownFileType = sourcecode.c.objc; path = BAECanvasView.m; sourceTree = "<group>"; };
		5583C1542103900600734E56 /* BAEMatrix.h */ = {isa = PBXFileReference; lastKnownFileType = sourcecode.c.h; path = BAEMatrix.h; sourceTree = "<group>"; };
		5583C1552103900600734E56 /* BAEMatrix.c */ = {isa = PBXFileReference; lastKnownFileType = sourcecode.c.c; path = BAEMatrix.c; sourceTree = "<group>"; };
		5583C1572103A18900734E56 /* BAEShape3D.h */ = {isa = PBXFileReference; lastKnownFileType = sourcecode.c.h; path = BAEShape3D.h; sourceTree = "<group>"; };
		5583C1582103A18900734E56 /* BAEShape3D.c */ = {isa = PBXFileReference; lastKnownFileType = sourcecode.c.c; path = BAEShape3D.c; sourceTree = "<group>"; };
/* End PBXFileReference section */

/* Begin PBXFrameworksBuildPhase section */
		5583C13A21037ADE00734E56 /* Frameworks */ = {
			isa = PBXFrameworksBuildPhase;
			buildActionMask = 2147483647;
			files = (
			);
			runOnlyForDeploymentPostprocessing = 0;
		};
/* End PBXFrameworksBuildPhase section */

/* Begin PBXGroup section */
		5583C13421037ADE00734E56 = {
			isa = PBXGroup;
			children = (
				5583C13F21037ADE00734E56 /* BlackArtEngine */,
				5583C13E21037ADE00734E56 /* Products */,
			);
			sourceTree = "<group>";
		};
		5583C13E21037ADE00734E56 /* Products */ = {
			isa = PBXGroup;
			children = (
				5583C13D21037ADE00734E56 /* BlackArtEngine.app */,
			);
			name = Products;
			sourceTree = "<group>";
		};
		5583C13F21037ADE00734E56 /* BlackArtEngine */ = {
			isa = PBXGroup;
			children = (
				5583C14021037ADE00734E56 /* BAEAppDelegate.h */,
				5583C14121037ADE00734E56 /* BAEAppDelegate.m */,
				5583C15121037E8800734E56 /* BAECanvasView.h */,
				5583C15221037E8800734E56 /* BAECanvasView.m */,
				5583C1542103900600734E56 /* BAEMatrix.h */,
				5583C1552103900600734E56 /* BAEMatrix.c */,
				5583C1572103A18900734E56 /* BAEShape3D.h */,
				5583C1582103A18900734E56 /* BAEShape3D.c */,
				5583C14321037AE200734E56 /* Assets.xcassets */,
				5583C14521037AE200734E56 /* MainMenu.xib */,
				5583C14821037AE200734E56 /* Info.plist */,
				5583C14921037AE200734E56 /* main.m */,
				5583C14B21037AE200734E56 /* BlackArtEngine.entitlements */,
			);
			path = BlackArtEngine;
			sourceTree = "<group>";
		};
/* End PBXGroup section */

/* Begin PBXNativeTarget section */
		5583C13C21037ADE00734E56 /* BlackArtEngine */ = {
			isa = PBXNativeTarget;
			buildConfigurationList = 5583C14E21037AE200734E56 /* Build configuration list for PBXNativeTarget "BlackArtEngine" */;
			buildPhases = (
				5583C13921037ADE00734E56 /* Sources */,
				5583C13A21037ADE00734E56 /* Frameworks */,
				5583C13B21037ADE00734E56 /* Resources */,
			);
			buildRules = (
			);
			dependencies = (
			);
			name = BlackArtEngine;
			productName = BlackArtEngine;
			productReference = 5583C13D21037ADE00734E56 /* BlackArtEngine.app */;
			productType = "com.apple.product-type.application";
		};
/* End PBXNativeTarget section */

/* Begin PBXProject section */
		5583C13521037ADE00734E56 /* Project object */ = {
			isa = PBXProject;
			attributes = {
				CLASSPREFIX = BAE;
				LastUpgradeCheck = 1000;
				ORGANIZATIONNAME = "Uli Kusterer";
				TargetAttributes = {
					5583C13C21037ADE00734E56 = {
						CreatedOnToolsVersion = 10.0;
					};
				};
			};
			buildConfigurationList = 5583C13821037ADE00734E56 /* Build configuration list for PBXProject "BlackArtEngine" */;
			compatibilityVersion = "Xcode 9.3";
			developmentRegion = en;
			hasScannedForEncodings = 0;
			knownRegions = (
				en,
				Base,
			);
			mainGroup = 5583C13421037ADE00734E56;
			productRefGroup = 5583C13E21037ADE00734E56 /* Products */;
			projectDirPath = "";
			projectRoot = "";
			targets = (
				5583C13C21037ADE00734E56 /* BlackArtEngine */,
			);
		};
/* End PBXProject section */

/* Begin PBXResourcesBuildPhase section */
		5583C13B21037ADE00734E56 /* Resources */ = {
			isa = PBXResourcesBuildPhase;
			buildActionMask = 2147483647;
			files = (
				5583C14421037AE200734E56 /* Assets.xcassets in Resources */,
				5583C14721037AE200734E56 /* MainMenu.xib in Resources */,
			);
			runOnlyForDeploymentPostprocessing = 0;
		};
/* End PBXResourcesBuildPhase section */

/* Begin PBXSourcesBuildPhase section */
		5583C13921037ADE00734E56 /* Sources */ = {
			isa = PBXSourcesBuildPhase;
			buildActionMask = 2147483647;
			files = (
				5583C15321037E8800734E56 /* BAECanvasView.m in Sources */,
				5583C1592103A18900734E56 /* BAEShape3D.c in Sources */,
				5583C14A21037AE200734E56 /* main.m in Sources */,
				5583C14221037ADE00734E56 /* BAEAppDelegate.m in Sources */,
				5583C1562103900600734E56 /* BAEMatrix.c in Sources */,
			);
			runOnlyForDeploymentPostprocessing = 0;
		};
/* End PBXSourcesBuildPhase section */

/* Begin PBXVariantGroup section */
		5583C14521037AE200734E56 /* MainMenu.xib */ = {
			isa = PBXVariantGroup;
			children = (
				5583C14621037AE200734E56 /* Base */,
			);
			name = MainMenu.xib;
			sourceTree = "<group>";
		};
/* End PBXVariantGroup section */

/* Begin XCBuildConfiguration section */
		5583C14C21037AE200734E56 /* Debug */ = {
			isa = XCBuildConfiguration;
			buildSettings = {
				ALWAYS_SEARCH_USER_PATHS = NO;
				CLANG_ANALYZER_NONNULL = YES;
				CLANG_ANALYZER_NUMBER_OBJECT_CONVERSION = YES_AGGRESSIVE;
				CLANG_CXX_LANGUAGE_STANDARD = "gnu++14";
				CLANG_CXX_LIBRARY = "libc++";
				CLANG_ENABLE_MODULES = YES;
				CLANG_ENABLE_OBJC_ARC = YES;
				CLANG_ENABLE_OBJC_WEAK = YES;
				CLANG_WARN_BLOCK_CAPTURE_AUTORELEASING = YES;
				CLANG_WARN_BOOL_CONVERSION = YES;
				CLANG_WARN_COMMA = YES;
				CLANG_WARN_CONSTANT_CONVERSION = YES;
				CLANG_WARN_DEPRECATED_OBJC_IMPLEMENTATIONS = YES;
				CLANG_WARN_DIRECT_OBJC_ISA_USAGE = YES_ERROR;
				CLANG_WARN_DOCUMENTATION_COMMENTS = YES;
				CLANG_WARN_EMPTY_BODY = YES;
				CLANG_WARN_ENUM_CONVERSION = YES;
				CLANG_WARN_INFINITE_RECURSION = YES;
				CLANG_WARN_INT_CONVERSION = YES;
				CLANG_WARN_NON_LITERAL_NULL_CONVERSION = YES;
				CLANG_WARN_OBJC_IMPLICIT_RETAIN_SELF = YES;
				CLANG_WARN_OBJC_LITERAL_CONVERSION = YES;
				CLANG_WARN_OBJC_ROOT_CLASS = YES_ERROR;
				CLANG_WARN_RANGE_LOOP_ANALYSIS = YES;
				CLANG_WARN_STRICT_PROTOTYPES = YES;
				CLANG_WARN_SUSPICIOUS_MOVE = YES;
				CLANG_WARN_UNGUARDED_AVAILABILITY = YES_AGGRESSIVE;
				CLANG_WARN_UNREACHABLE_CODE = YES;
				CLANG_WARN__DUPLICATE_METHOD_MATCH = YES;
				CODE_SIGN_IDENTITY = "Mac Developer";
				COPY_PHASE_STRIP = NO;
				DEBUG_INFORMATION_FORMAT = dwarf;
				ENABLE_STRICT_OBJC_MSGSEND = YES;
				ENABLE_TESTABILITY = YES;
				GCC_C_LANGUAGE_STANDARD = gnu11;
				GCC_DYNAMIC_NO_PIC = NO;
				GCC_NO_COMMON_BLOCKS = YES;
				GCC_OPTIMIZATION_LEVEL = 0;
				GCC_PREPROCESSOR_DEFINITIONS = (
					"DEBUG=1",
					"$(inherited)",
				);
				GCC_WARN_64_TO_32_BIT_CONVERSION = YES;
				GCC_WARN_ABOUT_RETURN_TYPE = YES_ERROR;
				GCC_WARN_UNDECLARED_SELECTOR = YES;
				GCC_WARN_UNINITIALIZED_AUTOS = YES_AGGRESSIVE;
				GCC_WARN_UNUSED_FUNCTION = YES;
				GCC_WARN_UNUSED_VARIABLE = YES;
				MACOSX_DEPLOYMENT_TARGET = 10.13;
				MTL_ENABLE_DEBUG_INFO = INCLUDE_SOURCE;
				ONLY_ACTIVE_ARCH = YES;
				SDKROOT = macosx;
			};
			name = Debug;
		};
		5583C14D21037AE200734E56 /* Release */ = {
			isa = XCBuildConfiguration;
			buildSettings = {
				ALWAYS_SEARCH_USER_PATHS = NO;
				CLANG_ANALYZER_NONNULL = YES;
				CLANG_ANALYZER_NUMBER_OBJECT_CONVERSION = YES_AGGRESSIVE;
				CLANG_CXX_LANGUAGE_STANDARD = "gnu++14";
				CLANG_CXX_LIBRARY = "libc++";
				CLANG_ENABLE_MODULES = YES;
				CLANG_ENABLE_OBJC_ARC = YES;
				CLANG_ENABLE_OBJC_WEAK = YES;
				CLANG_WARN_BLOCK_CAPTURE_AUTORELEASING = YES;
				CLANG_WARN_BOOL_CONVERSION = YES;
				CLANG_WARN_COMMA = YES;
				CLANG_WARN_CONSTANT_CONVERSION = YES;
				CLANG_WARN_DEPRECATED_OBJC_IMPLEMENTATIONS = YES;
				CLANG_WARN_DIRECT_OBJC_ISA_USAGE = YES_ERROR;
				CLANG_WARN_DOCUMENTATION_COMMENTS = YES;
				CLANG_WARN_EMPTY_BODY = YES;
				CLANG_WARN_ENUM_CONVERSION = YES;
				CLANG_WARN_INFINITE_RECURSION = YES;
				CLANG_WARN_INT_CONVERSION = YES;
				CLANG_WARN_NON_LITERAL_NULL_CONVERSION = YES;
				CLANG_WARN_OBJC_IMPLICIT_RETAIN_SELF = YES;
				CLANG_WARN_OBJC_LITERAL_CONVERSION = YES;
				CLANG_WARN_OBJC_ROOT_CLASS = YES_ERROR;
				CLANG_WARN_RANGE_LOOP_ANALYSIS = YES;
				CLANG_WARN_STRICT_PROTOTYPES = YES;
				CLANG_WARN_SUSPICIOUS_MOVE = YES;
				CLANG_WARN_UNGUARDED_AVAILABILITY = YES_AGGRESSIVE;
				CLANG_WARN_UNREACHABLE_CODE = YES;
				CLANG_WARN__DUPLICATE_METHOD_MATCH = YES;
				CODE_SIGN_IDENTITY = "Mac Developer";
				COPY_PHASE_STRIP = NO;
				DEBUG_INFORMATION_FORMAT = "dwarf-with-dsym";
				ENABLE_NS_ASSERTIONS = NO;
				ENABLE_STRICT_OBJC_MSGSEND = YES;
				GCC_C_LANGUAGE_STANDARD = gnu11;
				GCC_NO_COMMON_BLOCKS = YES;
				GCC_WARN_64_TO_32_BIT_CONVERSION = YES;
				GCC_WARN_ABOUT_RETURN_TYPE = YES_ERROR;
				GCC_WARN_UNDECLARED_SELECTOR = YES;
				GCC_WARN_UNINITIALIZED_AUTOS = YES_AGGRESSIVE;
				GCC_WARN_UNUSED_FUNCTION = YES;
				GCC_WARN_UNUSED_VARIABLE = YES;
				MACOSX_DEPLOYMENT_TARGET = 10.13;
				MTL_ENABLE_DEBUG_INFO = NO;
				SDKROOT = macosx;
			};
			name = Release;
		};
		5583C14F21037AE200734E56 /* Debug */ = {
			isa = XCBuildConfiguration;
			buildSettings = {
				ASSETCATALOG_COMPILER_APPICON_NAME = AppIcon;
				CODE_SIGN_ENTITLEMENTS = BlackArtEngine/BlackArtEngine.entitlements;
				CODE_SIGN_STYLE = Automatic;
				COMBINE_HIDPI_IMAGES = YES;
				DEVELOPMENT_TEAM = RCKXACKVZS;
				INFOPLIST_FILE = BlackArtEngine/Info.plist;
				LD_RUNPATH_SEARCH_PATHS = (
					"$(inherited)",
					"@executable_path/../Frameworks",
				);
				PRODUCT_BUNDLE_IDENTIFIER = com.thevoidsoftware.BlackArtEngine;
				PRODUCT_NAME = "$(TARGET_NAME)";
			};
			name = Debug;
		};
		5583C15021037AE200734E56 /* Release */ = {
			isa = XCBuildConfiguration;
			buildSettings = {
				ASSETCATALOG_COMPILER_APPICON_NAME = AppIcon;
				CODE_SIGN_ENTITLEMENTS = BlackArtEngine/BlackArtEngine.entitlements;
				CODE_SIGN_STYLE = Automatic;
				COMBINE_HIDPI_IMAGES = YES;
				DEVELOPMENT_TEAM = RCKXACKVZS;
				INFOPLIST_FILE = BlackArtEngine/Info.plist;
				LD_RUNPATH_SEARCH_PATHS = (
					"$(inherited)",
					"@executable_path/../Frameworks",
				);
				PRODUCT_BUNDLE_IDENTIFIER = com.thevoidsoftware.BlackArtEngine;
				PRODUCT_NAME = "$(TARGET_NAME)";
			};
			name = Release;
		};
/* End XCBuildConfiguration section */

/* Begin XCConfigurationList section */
		5583C13821037ADE00734E56 /* Build configuration list for PBXProject "BlackArtEngine" */ = {
			isa = XCConfigurationList;
			buildConfigurations = (
				5583C14C21037AE200734E56 /* Debug */,
				5583C14D21037AE200734E56 /* Release */,
			);
			defaultConfigurationIsVisible = 0;
			defaultConfigurationName = Release;
		};
		5583C14E21037AE200734E56 /* Build configuration list for PBXNativeTarget "BlackArtEngine" */ = {
			isa = XCConfigurationList;
			buildConfigurations = (
				5583C14F21037AE200734E56 /* Debug */,
				5583C15021037AE200734E56 /* Release */,
			);
			defaultConfigurationIsVisible = 0;
			defaultConfigurationName = Release;
		};
/* End XCConfigurationList section */
	};
	rootObject = 5583C13521037ADE00734E56 /* Project object */;
}
